
Microsoft Visual Studio Solution File, Format Version 12.00
# Visual Studio Version 17
VisualStudioVersion = 17.5.33424.131
MinimumVisualStudioVersion = 10.0.40219.1
Project("{9A19103F-16F7-4668-BE54-9A1E7A4F7556}") = "Forum-API", "Forum-API\Forum-API.csproj", "{E13BD895-AA0C-42B0-B409-D2EE1416670C}"
EndProject
Project("{2150E333-8FDC-42A3-9474-1A3956D46DE8}") = "Forum-Project(ADO.NET+Dapper)", "Forum-Project(ADO.NET+Dapper)", "{7FE449C8-DAAF-4AD2-B7B5-475A450A1F14}"
EndProject
Project("{9A19103F-16F7-4668-BE54-9A1E7A4F7556}") = "Forum-DAL", "Forum-DAL\Forum-DAL.csproj", "{86E17F83-249D-4E3C-9174-7F4904080AA1}"
EndProject
Project("{9A19103F-16F7-4668-BE54-9A1E7A4F7556}") = "Forum-BAL", "Forum-BAL\Forum-BAL.csproj", "{539D5A6F-AB39-40B9-89DE-9C1AAF57044B}"
EndProject
Global
	GlobalSection(SolutionConfigurationPlatforms) = preSolution
		Debug|Any CPU = Debug|Any CPU
		Release|Any CPU = Release|Any CPU
	EndGlobalSection
	GlobalSection(ProjectConfigurationPlatforms) = postSolution
		{E13BD895-AA0C-42B0-B409-D2EE1416670C}.Debug|Any CPU.ActiveCfg = Debug|Any CPU
		{E13BD895-AA0C-42B0-B409-D2EE1416670C}.Debug|Any CPU.Build.0 = Debug|Any CPU
		{E13BD895-AA0C-42B0-B409-D2EE1416670C}.Release|Any CPU.ActiveCfg = Release|Any CPU
		{E13BD895-AA0C-42B0-B409-D2EE1416670C}.Release|Any CPU.Build.0 = Release|Any CPU
		{86E17F83-249D-4E3C-9174-7F4904080AA1}.Debug|Any CPU.ActiveCfg = Debug|Any CPU
		{86E17F83-249D-4E3C-9174-7F4904080AA1}.Debug|Any CPU.Build.0 = Debug|Any CPU
		{86E17F83-249D-4E3C-9174-7F4904080AA1}.Release|Any CPU.ActiveCfg = Release|Any CPU
		{86E17F83-249D-4E3C-9174-7F4904080AA1}.Release|Any CPU.Build.0 = Release|Any CPU
		{539D5A6F-AB39-40B9-89DE-9C1AAF57044B}.Debug|Any CPU.ActiveCfg = Debug|Any CPU
		{539D5A6F-AB39-40B9-89DE-9C1AAF57044B}.Debug|Any CPU.Build.0 = Debug|Any CPU
		{539D5A6F-AB39-40B9-89DE-9C1AAF57044B}.Release|Any CPU.ActiveCfg = Release|Any CPU
		{539D5A6F-AB39-40B9-89DE-9C1AAF57044B}.Release|Any CPU.Build.0 = Release|Any CPU
	EndGlobalSection
	GlobalSection(SolutionProperties) = preSolution
		HideSolutionNode = FALSE
	EndGlobalSection
	GlobalSection(NestedProjects) = preSolution
		{86E17F83-249D-4E3C-9174-7F4904080AA1} = {7FE449C8-DAAF-4AD2-B7B5-475A450A1F14}
		{539D5A6F-AB39-40B9-89DE-9C1AAF57044B} = {7FE449C8-DAAF-4AD2-B7B5-475A450A1F14}
	EndGlobalSection
	GlobalSection(ExtensibilityGlobals) = postSolution
		SolutionGuid = {61F11005-0CCD-4CC3-B1BA-338C8131E548}
	EndGlobalSection
EndGlobal
